
Microsoft Visual Studio Solution File, Format Version 12.00
# Visual Studio Version 16
VisualStudioVersion = 16.0.810.1
MinimumVisualStudioVersion = 10.0.40219.1
Project("{FAE04EC0-301F-11D3-BF4B-00C04F79EFBC}") = "Lottie2XamarinForms.Android", "Lottie2XamarinForms.Android\Lottie2XamarinForms.Android.csproj", "{38430C09-1CF2-45C0-A0C9-D37414750840}"
EndProject
Project("{FAE04EC0-301F-11D3-BF4B-00C04F79EFBC}") = "Lottie2XamarinForms.iOS", "Lottie2XamarinForms.iOS\Lottie2XamarinForms.iOS.csproj", "{9CCCB813-8E0C-4E72-A829-003BB87B56C4}"
EndProject
Project("{FAE04EC0-301F-11D3-BF4B-00C04F79EFBC}") = "Lottie2XamarinForms", "Lottie2XamarinForms\Lottie2XamarinForms.csproj", "{A923A80D-84B5-4EC2-B5AA-FBB1DC614B72}"
EndProject
Global
	GlobalSection(SolutionConfigurationPlatforms) = preSolution
		Debug|Any CPU = Debug|Any CPU
		Release|Any CPU = Release|Any CPU
		Debug|iPhoneSimulator = Debug|iPhoneSimulator
		Release|iPhoneSimulator = Release|iPhoneSimulator
		Debug|iPhone = Debug|iPhone
		Release|iPhone = Release|iPhone
	EndGlobalSection
	GlobalSection(ProjectConfigurationPlatforms) = postSolution
		{38430C09-1CF2-45C0-A0C9-D37414750840}.Debug|Any CPU.ActiveCfg = Debug|Any CPU
		{38430C09-1CF2-45C0-A0C9-D37414750840}.Debug|Any CPU.Build.0 = Debug|Any CPU
		{38430C09-1CF2-45C0-A0C9-D37414750840}.Release|Any CPU.ActiveCfg = Release|Any CPU
		{38430C09-1CF2-45C0-A0C9-D37414750840}.Release|Any CPU.Build.0 = Release|Any CPU
		{38430C09-1CF2-45C0-A0C9-D37414750840}.Debug|iPhoneSimulator.ActiveCfg = Debug|Any CPU
		{38430C09-1CF2-45C0-A0C9-D37414750840}.Debug|iPhoneSimulator.Build.0 = Debug|Any CPU
		{38430C09-1CF2-45C0-A0C9-D37414750840}.Release|iPhoneSimulator.ActiveCfg = Release|Any CPU
		{38430C09-1CF2-45C0-A0C9-D37414750840}.Release|iPhoneSimulator.Build.0 = Release|Any CPU
		{38430C09-1CF2-45C0-A0C9-D37414750840}.Debug|iPhone.ActiveCfg = Debug|Any CPU
		{38430C09-1CF2-45C0-A0C9-D37414750840}.Debug|iPhone.Build.0 = Debug|Any CPU
		{38430C09-1CF2-45C0-A0C9-D37414750840}.Release|iPhone.ActiveCfg = Release|Any CPU
		{38430C09-1CF2-45C0-A0C9-D37414750840}.Release|iPhone.Build.0 = Release|Any CPU
		{9CCCB813-8E0C-4E72-A829-003BB87B56C4}.Debug|Any CPU.ActiveCfg = Debug|iPhoneSimulator
		{9CCCB813-8E0C-4E72-A829-003BB87B56C4}.Debug|Any CPU.Build.0 = Debug|iPhoneSimulator
		{9CCCB813-8E0C-4E72-A829-003BB87B56C4}.Release|Any CPU.ActiveCfg = Release|iPhoneSimulator
		{9CCCB813-8E0C-4E72-A829-003BB87B56C4}.Release|Any CPU.Build.0 = Release|iPhoneSimulator
		{9CCCB813-8E0C-4E72-A829-003BB87B56C4}.Debug|iPhoneSimulator.ActiveCfg = Debug|iPhoneSimulator
		{9CCCB813-8E0C-4E72-A829-003BB87B56C4}.Debug|iPhoneSimulator.Build.0 = Debug|iPhoneSimulator
		{9CCCB813-8E0C-4E72-A829-003BB87B56C4}.Release|iPhoneSimulator.ActiveCfg = Release|iPhoneSimulator
		{9CCCB813-8E0C-4E72-A829-003BB87B56C4}.Release|iPhoneSimulator.Build.0 = Release|iPhoneSimulator
		{9CCCB813-8E0C-4E72-A829-003BB87B56C4}.Debug|iPhone.ActiveCfg = Debug|iPhone
		{9CCCB813-8E0C-4E72-A829-003BB87B56C4}.Debug|iPhone.Build.0 = Debug|iPhone
		{9CCCB813-8E0C-4E72-A829-003BB87B56C4}.Release|iPhone.ActiveCfg = Release|iPhone
		{9CCCB813-8E0C-4E72-A829-003BB87B56C4}.Release|iPhone.Build.0 = Release|iPhone
		{A923A80D-84B5-4EC2-B5AA-FBB1DC614B72}.Debug|Any CPU.ActiveCfg = Debug|Any CPU
		{A923A80D-84B5-4EC2-B5AA-FBB1DC614B72}.Debug|Any CPU.Build.0 = Debug|Any CPU
		{A923A80D-84B5-4EC2-B5AA-FBB1DC614B72}.Release|Any CPU.ActiveCfg = Release|Any CPU
		{A923A80D-84B5-4EC2-B5AA-FBB1DC614B72}.Release|Any CPU.Build.0 = Release|Any CPU
		{A923A80D-84B5-4EC2-B5AA-FBB1DC614B72}.Debug|iPhoneSimulator.ActiveCfg = Debug|Any CPU
		{A923A80D-84B5-4EC2-B5AA-FBB1DC614B72}.Debug|iPhoneSimulator.Build.0 = Debug|Any CPU
		{A923A80D-84B5-4EC2-B5AA-FBB1DC614B72}.Release|iPhoneSimulator.ActiveCfg = Release|Any CPU
		{A923A80D-84B5-4EC2-B5AA-FBB1DC614B72}.Release|iPhoneSimulator.Build.0 = Release|Any CPU
		{A923A80D-84B5-4EC2-B5AA-FBB1DC614B72}.Debug|iPhone.ActiveCfg = Debug|Any CPU
		{A923A80D-84B5-4EC2-B5AA-FBB1DC614B72}.Debug|iPhone.Build.0 = Debug|Any CPU
		{A923A80D-84B5-4EC2-B5AA-FBB1DC614B72}.Release|iPhone.ActiveCfg = Release|Any CPU
		{A923A80D-84B5-4EC2-B5AA-FBB1DC614B72}.Release|iPhone.Build.0 = Release|Any CPU
	EndGlobalSection
	GlobalSection(SolutionProperties) = preSolution
		HideSolutionNode = FALSE
	EndGlobalSection
	GlobalSection(ExtensibilityGlobals) = postSolution
		SolutionGuid = {F0A96967-1F6E-41F1-B19A-9A6CE49F295A}
	EndGlobalSection
EndGlobal
